
Microsoft Visual Studio Solution File, Format Version 12.00
# Visual Studio Version 16
VisualStudioVersion = 16.0.29519.181
MinimumVisualStudioVersion = 10.0.40219.1
Project("{F2A71F9B-5D33-465A-A702-920D77279786}") = "PFA-backend", "ConsoleApp1\PFA-backend.fsproj", "{C7EE7D25-2196-4B15-9C23-12237659F837}"
EndProject
Global
	GlobalSection(SolutionConfigurationPlatforms) = preSolution
		Debug|Any CPU = Debug|Any CPU
		Release|Any CPU = Release|Any CPU
	EndGlobalSection
	GlobalSection(ProjectConfigurationPlatforms) = postSolution
		{C7EE7D25-2196-4B15-9C23-12237659F837}.Debug|Any CPU.ActiveCfg = Debug|Any CPU
		{C7EE7D25-2196-4B15-9C23-12237659F837}.Debug|Any CPU.Build.0 = Debug|Any CPU
		{C7EE7D25-2196-4B15-9C23-12237659F837}.Release|Any CPU.ActiveCfg = Release|Any CPU
		{C7EE7D25-2196-4B15-9C23-12237659F837}.Release|Any CPU.Build.0 = Release|Any CPU
	EndGlobalSection
	GlobalSection(SolutionProperties) = preSolution
		HideSolutionNode = FALSE
	EndGlobalSection
	GlobalSection(ExtensibilityGlobals) = postSolution
		SolutionGuid = {9E41C042-7C2E-449B-8B7A-71972B915B2B}
	EndGlobalSection
EndGlobal
